
Microsoft Visual Studio Solution File, Format Version 12.00
# Visual Studio Version 17
VisualStudioVersion = 17.4.33213.308
MinimumVisualStudioVersion = 10.0.40219.1
Project("{FAE04EC0-301F-11D3-BF4B-00C04F79EFBC}") = "MyCollections", "MyCollections\MyCollections.csproj", "{ECE0684D-3042-406C-AEBA-699ED20389DF}"
EndProject
Global
	GlobalSection(SolutionConfigurationPlatforms) = preSolution
		Debug|Any CPU = Debug|Any CPU
		Release|Any CPU = Release|Any CPU
	EndGlobalSection
	GlobalSection(ProjectConfigurationPlatforms) = postSolution
		{ECE0684D-3042-406C-AEBA-699ED20389DF}.Debug|Any CPU.ActiveCfg = Debug|Any CPU
		{ECE0684D-3042-406C-AEBA-699ED20389DF}.Debug|Any CPU.Build.0 = Debug|Any CPU
		{ECE0684D-3042-406C-AEBA-699ED20389DF}.Release|Any CPU.ActiveCfg = Release|Any CPU
		{ECE0684D-3042-406C-AEBA-699ED20389DF}.Release|Any CPU.Build.0 = Release|Any CPU
	EndGlobalSection
	GlobalSection(SolutionProperties) = preSolution
		HideSolutionNode = FALSE
	EndGlobalSection
	GlobalSection(ExtensibilityGlobals) = postSolution
		SolutionGuid = {DF2481B3-F4F1-4106-B812-D48C1681BD69}
	EndGlobalSection
EndGlobal
